Microsoft Visual Studio Solution File, Format Version 12.00
# Visual Studio Version 17
VisualStudioVersion = 17.10.34902.84
MinimumVisualStudioVersion = 16.0.0.0
Project("{9A19103F-16F7-4668-BE54-9A1E7A4F7556}") = "RadioprotectionCalculator", "RadioprotectionCalculator\RadioprotectionCalculator.csproj", "{AC994BB8-31D6-4FEF-B240-D821636CC131}"
EndProject
Project("{9A19103F-16F7-4668-BE54-9A1E7A4F7556}") = "RadioprotectionCalculator.Client", "RadioprotectionCalculator.Client\RadioprotectionCalculator.Client.csproj", "{C4A5F671-E898-4F93-966E-096DD3180AC0}"
EndProject
Project("{9A19103F-16F7-4668-BE54-9A1E7A4F7556}") = "RadioprotectionCalculator.Web", "RadioprotectionCalculator.Web\RadioprotectionCalculator.Web\RadioprotectionCalculator.Web.csproj", "{DEBD8632-DFF9-4A73-95D1-FEF3359953D1}"
EndProject
Project("{9A19103F-16F7-4668-BE54-9A1E7A4F7556}") = "RadioprotectionCalculator.MAUI", "RadioprotectionCalculator.MAUI\RadioprotectionCalculator.MAUI.csproj", "{45376414-9587-47E6-8C4F-3DE575D37A5E}"
EndProject
Project("{FAE04EC0-301F-11D3-BF4B-00C04F79EFBC}") = "RadioprotectionCalculator.Shared", "RadioprotectionCalculator.Shared\RadioprotectionCalculator.Shared.csproj", "{8B08E777-D66B-4FF4-8B6F-4C5F515AF427}"
EndProject
Global
	GlobalSection(SolutionConfigurationPlatforms) = preSolution
		Debug|Any CPU = Debug|Any CPU
		Debug|x64 = Debug|x64
		Debug|x86 = Debug|x86
		Release|Any CPU = Release|Any CPU
		Release|x64 = Release|x64
		Release|x86 = Release|x86
	EndGlobalSection
	GlobalSection(ProjectConfigurationPlatforms) = postSolution
		{AC994BB8-31D6-4FEF-B240-D821636CC131}.Debug|Any CPU.ActiveCfg = Debug|Any CPU
		{AC994BB8-31D6-4FEF-B240-D821636CC131}.Debug|Any CPU.Build.0 = Debug|Any CPU
		{AC994BB8-31D6-4FEF-B240-D821636CC131}.Debug|x64.ActiveCfg = Debug|Any CPU
		{AC994BB8-31D6-4FEF-B240-D821636CC131}.Debug|x64.Build.0 = Debug|Any CPU
		{AC994BB8-31D6-4FEF-B240-D821636CC131}.Debug|x86.ActiveCfg = Debug|Any CPU
		{AC994BB8-31D6-4FEF-B240-D821636CC131}.Debug|x86.Build.0 = Debug|Any CPU
		{AC994BB8-31D6-4FEF-B240-D821636CC131}.Release|Any CPU.ActiveCfg = Release|Any CPU
		{AC994BB8-31D6-4FEF-B240-D821636CC131}.Release|Any CPU.Build.0 = Release|Any CPU
		{AC994BB8-31D6-4FEF-B240-D821636CC131}.Release|x64.ActiveCfg = Release|Any CPU
		{AC994BB8-31D6-4FEF-B240-D821636CC131}.Release|x64.Build.0 = Release|Any CPU
		{AC994BB8-31D6-4FEF-B240-D821636CC131}.Release|x86.ActiveCfg = Release|Any CPU
		{AC994BB8-31D6-4FEF-B240-D821636CC131}.Release|x86.Build.0 = Release|Any CPU
		{C4A5F671-E898-4F93-966E-096DD3180AC0}.Debug|Any CPU.ActiveCfg = Debug|Any CPU
		{C4A5F671-E898-4F93-966E-096DD3180AC0}.Debug|Any CPU.Build.0 = Debug|Any CPU
		{C4A5F671-E898-4F93-966E-096DD3180AC0}.Debug|x64.ActiveCfg = Debug|Any CPU
		{C4A5F671-E898-4F93-966E-096DD3180AC0}.Debug|x64.Build.0 = Debug|Any CPU
		{C4A5F671-E898-4F93-966E-096DD3180AC0}.Debug|x86.ActiveCfg = Debug|Any CPU
		{C4A5F671-E898-4F93-966E-096DD3180AC0}.Debug|x86.Build.0 = Debug|Any CPU
		{C4A5F671-E898-4F93-966E-096DD3180AC0}.Release|Any CPU.ActiveCfg = Release|Any CPU
		{C4A5F671-E898-4F93-966E-096DD3180AC0}.Release|Any CPU.Build.0 = Release|Any CPU
		{C4A5F671-E898-4F93-966E-096DD3180AC0}.Release|x64.ActiveCfg = Release|Any CPU
		{C4A5F671-E898-4F93-966E-096DD3180AC0}.Release|x64.Build.0 = Release|Any CPU
		{C4A5F671-E898-4F93-966E-096DD3180AC0}.Release|x86.ActiveCfg = Release|Any CPU
		{C4A5F671-E898-4F93-966E-096DD3180AC0}.Release|x86.Build.0 = Release|Any CPU
		{DEBD8632-DFF9-4A73-95D1-FEF3359953D1}.Debug|Any CPU.ActiveCfg = Debug|Any CPU
		{DEBD8632-DFF9-4A73-95D1-FEF3359953D1}.Debug|Any CPU.Build.0 = Debug|Any CPU
		{DEBD8632-DFF9-4A73-95D1-FEF3359953D1}.Debug|x64.ActiveCfg = Debug|Any CPU
		{DEBD8632-DFF9-4A73-95D1-FEF3359953D1}.Debug|x64.Build.0 = Debug|Any CPU
		{DEBD8632-DFF9-4A73-95D1-FEF3359953D1}.Debug|x86.ActiveCfg = Debug|Any CPU
		{DEBD8632-DFF9-4A73-95D1-FEF3359953D1}.Debug|x86.Build.0 = Debug|Any CPU
		{DEBD8632-DFF9-4A73-95D1-FEF3359953D1}.Release|Any CPU.ActiveCfg = Release|Any CPU
		{DEBD8632-DFF9-4A73-95D1-FEF3359953D1}.Release|Any CPU.Build.0 = Release|Any CPU
		{DEBD8632-DFF9-4A73-95D1-FEF3359953D1}.Release|x64.ActiveCfg = Release|Any CPU
		{DEBD8632-DFF9-4A73-95D1-FEF3359953D1}.Release|x64.Build.0 = Release|Any CPU
		{DEBD8632-DFF9-4A73-95D1-FEF3359953D1}.Release|x86.ActiveCfg = Release|Any CPU
		{DEBD8632-DFF9-4A73-95D1-FEF3359953D1}.Release|x86.Build.0 = Release|Any CPU
		{45376414-9587-47E6-8C4F-3DE575D37A5E}.Debug|Any CPU.ActiveCfg = Debug|Any CPU
		{45376414-9587-47E6-8C4F-3DE575D37A5E}.Debug|Any CPU.Build.0 = Debug|Any CPU
		{45376414-9587-47E6-8C4F-3DE575D37A5E}.Debug|x64.ActiveCfg = Debug|Any CPU
		{45376414-9587-47E6-8C4F-3DE575D37A5E}.Debug|x64.Build.0 = Debug|Any CPU
		{45376414-9587-47E6-8C4F-3DE575D37A5E}.Debug|x86.ActiveCfg = Debug|Any CPU
		{45376414-9587-47E6-8C4F-3DE575D37A5E}.Debug|x86.Build.0 = Debug|Any CPU
		{45376414-9587-47E6-8C4F-3DE575D37A5E}.Release|Any CPU.ActiveCfg = Release|Any CPU
		{45376414-9587-47E6-8C4F-3DE575D37A5E}.Release|Any CPU.Build.0 = Release|Any CPU
		{45376414-9587-47E6-8C4F-3DE575D37A5E}.Release|x64.ActiveCfg = Release|Any CPU
		{45376414-9587-47E6-8C4F-3DE575D37A5E}.Release|x64.Build.0 = Release|Any CPU
		{45376414-9587-47E6-8C4F-3DE575D37A5E}.Release|x86.ActiveCfg = Release|Any CPU
		{45376414-9587-47E6-8C4F-3DE575D37A5E}.Release|x86.Build.0 = Release|Any CPU
		{8B08E777-D66B-4FF4-8B6F-4C5F515AF427}.Debug|Any CPU.ActiveCfg = Debug|Any CPU
		{8B08E777-D66B-4FF4-8B6F-4C5F515AF427}.Debug|Any CPU.Build.0 = Debug|Any CPU
		{8B08E777-D66B-4FF4-8B6F-4C5F515AF427}.Debug|x64.ActiveCfg = Debug|Any CPU
		{8B08E777-D66B-4FF4-8B6F-4C5F515AF427}.Debug|x64.Build.0 = Debug|Any CPU
		{8B08E777-D66B-4FF4-8B6F-4C5F515AF427}.Debug|x86.ActiveCfg = Debug|Any CPU
		{8B08E777-D66B-4FF4-8B6F-4C5F515AF427}.Debug|x86.Build.0 = Debug|Any CPU
		{8B08E777-D66B-4FF4-8B6F-4C5F515AF427}.Release|Any CPU.ActiveCfg = Release|Any CPU
		{8B08E777-D66B-4FF4-8B6F-4C5F515AF427}.Release|Any CPU.Build.0 = Release|Any CPU
		{8B08E777-D66B-4FF4-8B6F-4C5F515AF427}.Release|x64.ActiveCfg = Release|Any CPU
		{8B08E777-D66B-4FF4-8B6F-4C5F515AF427}.Release|x64.Build.0 = Release|Any CPU
		{8B08E777-D66B-4FF4-8B6F-4C5F515AF427}.Release|x86.ActiveCfg = Release|Any CPU
		{8B08E777-D66B-4FF4-8B6F-4C5F515AF427}.Release|x86.Build.0 = Release|Any CPU
	EndGlobalSection
	GlobalSection(SolutionProperties) = preSolution
		HideSolutionNode = FALSE
	EndGlobalSection
	GlobalSection(ExtensibilityGlobals) = postSolution
		SolutionGuid = {B0740D3B-ABB7-414B-A2E2-BC38A6A3E971}
	EndGlobalSection
EndGlobal
